
Microsoft Visual Studio Solution File, Format Version 12.00
# Visual Studio Version 17
VisualStudioVersion = 17.4.33213.308
MinimumVisualStudioVersion = 10.0.40219.1
Project("{9A19103F-16F7-4668-BE54-9A1E7A4F7556}") = "ToysLib", "ToysLib\ToysLib.csproj", "{BFF41BB7-36FA-4FCE-B458-7385ABC6E57B}"
EndProject
Project("{FAE04EC0-301F-11D3-BF4B-00C04F79EFBC}") = "ToysLibTests", "ToysLibTests\ToysLibTests.csproj", "{19682E79-DFD9-4771-8283-D3D97D951353}"
EndProject
Global
	GlobalSection(SolutionConfigurationPlatforms) = preSolution
		Debug|Any CPU = Debug|Any CPU
		Release|Any CPU = Release|Any CPU
	EndGlobalSection
	GlobalSection(ProjectConfigurationPlatforms) = postSolution
		{BFF41BB7-36FA-4FCE-B458-7385ABC6E57B}.Debug|Any CPU.ActiveCfg = Debug|Any CPU
		{BFF41BB7-36FA-4FCE-B458-7385ABC6E57B}.Debug|Any CPU.Build.0 = Debug|Any CPU
		{BFF41BB7-36FA-4FCE-B458-7385ABC6E57B}.Release|Any CPU.ActiveCfg = Release|Any CPU
		{BFF41BB7-36FA-4FCE-B458-7385ABC6E57B}.Release|Any CPU.Build.0 = Release|Any CPU
		{19682E79-DFD9-4771-8283-D3D97D951353}.Debug|Any CPU.ActiveCfg = Debug|Any CPU
		{19682E79-DFD9-4771-8283-D3D97D951353}.Debug|Any CPU.Build.0 = Debug|Any CPU
		{19682E79-DFD9-4771-8283-D3D97D951353}.Release|Any CPU.ActiveCfg = Release|Any CPU
		{19682E79-DFD9-4771-8283-D3D97D951353}.Release|Any CPU.Build.0 = Release|Any CPU
	EndGlobalSection
	GlobalSection(SolutionProperties) = preSolution
		HideSolutionNode = FALSE
	EndGlobalSection
	GlobalSection(ExtensibilityGlobals) = postSolution
		SolutionGuid = {D24AC039-FD0F-4076-94A2-883CE3618D68}
	EndGlobalSection
EndGlobal
